// !$*UTF8*$!
{
	archiveVersion = 1;
	classes = {
	};
	objectVersion = 48;
	objects = {

/* Begin PBXBuildFile section */
		3F88B0532053BB7000083913 /* GIF.swift in Sources */ = {isa = PBXBuildFile; fileRef = 3F88B0522053BB7000083913 /* GIF.swift */; };
		3F88B0572053BD0700083913 /* Play-1.gif in Resources */ = {isa = PBXBuildFile; fileRef = 3F88B0562053BD0600083913 /* Play-1.gif */; };
		3F88B05B2053BE1E00083913 /* a.jpg in Resources */ = {isa = PBXBuildFile; fileRef = 3F88B05A2053BE1D00083913 /* a.jpg */; };
		3F90894C2054AD25002D85AF /* PlayListVC.swift in Sources */ = {isa = PBXBuildFile; fileRef = 3F90894B2054AD25002D85AF /* PlayListVC.swift */; };
		3FB6C34A205471E100AF9577 /* mishary-rashid-alafasy-001-al-fatiha-30-7477.mp3 in Resources */ = {isa = PBXBuildFile; fileRef = 3FB6C349205471E000AF9577 /* mishary-rashid-alafasy-001-al-fatiha-30-7477.mp3 */; };
		BE73AC6D203896100063F944 /* DataManger.swift in Sources */ = {isa = PBXBuildFile; fileRef = BE73AC6C203896100063F944 /* DataManger.swift */; };
		BE73AC712038C3620063F944 /* Slider.swift in Sources */ = {isa = PBXBuildFile; fileRef = BE73AC702038C3620063F944 /* Slider.swift */; };
		BE7E90512039443D0026566F /* DrawWaveForm.swift in Sources */ = {isa = PBXBuildFile; fileRef = BE7E90502039443D0026566F /* DrawWaveForm.swift */; };
		BE7E9053203944F90026566F /* ReadFile.swift in Sources */ = {isa = PBXBuildFile; fileRef = BE7E9052203944F90026566F /* ReadFile.swift */; };
		BE9A8CD52041FD3600F24931 /* RealmData.swift in Sources */ = {isa = PBXBuildFile; fileRef = BE9A8CD42041FD3600F24931 /* RealmData.swift */; };
		BE9A8CD7204204EC00F24931 /* savedSongVC.swift in Sources */ = {isa = PBXBuildFile; fileRef = BE9A8CD6204204EC00F24931 /* savedSongVC.swift */; };
		BE9A8CD92042051800F24931 /* savedSongCell.swift in Sources */ = {isa = PBXBuildFile; fileRef = BE9A8CD82042051800F24931 /* savedSongCell.swift */; };
		BEA80AD0201C161F007CAB0D /* SongsCell.swift in Sources */ = {isa = PBXBuildFile; fileRef = BEA80ACF201C161F007CAB0D /* SongsCell.swift */; };
		BEA80AD2201C17AE007CAB0D /* MainVC.swift in Sources */ = {isa = PBXBuildFile; fileRef = BEA80AD1201C17AE007CAB0D /* MainVC.swift */; };
		BEAA6B842026CE41008AF3B6 /* SongVC.swift in Sources */ = {isa = PBXBuildFile; fileRef = BEAA6B832026CE41008AF3B6 /* SongVC.swift */; };
		BEDFFA4B2016F0950097145F /* AppDelegate.swift in Sources */ = {isa = PBXBuildFile; fileRef = BEDFFA4A2016F0950097145F /* AppDelegate.swift */; };
		BEDFFA4D2016F0950097145F /* ViewController.swift in Sources */ = {isa = PBXBuildFile; fileRef = BEDFFA4C2016F0950097145F /* ViewController.swift */; };
		BEDFFA502016F0950097145F /* Main.storyboard in Resources */ = {isa = PBXBuildFile; fileRef = BEDFFA4E2016F0950097145F /* Main.storyboard */; };
		BEDFFA522016F0950097145F /* Assets.xcassets in Resources */ = {isa = PBXBuildFile; fileRef = BEDFFA512016F0950097145F /* Assets.xcassets */; };
		BEDFFA552016F0950097145F /* LaunchScreen.storyboard in Resources */ = {isa = PBXBuildFile; fileRef = BEDFFA532016F0950097145F /* LaunchScreen.storyboard */; };
		BEDFFA5D2016F1060097145F /* GoogleService-Info.plist in Resources */ = {isa = PBXBuildFile; fileRef = BEDFFA5C2016F1060097145F /* GoogleService-Info.plist */; };
		BEDFFA5F2016F3D60097145F /* DataService.swift in Sources */ = {isa = PBXBuildFile; fileRef = BEDFFA5E2016F3D60097145F /* DataService.swift */; };
		BEDFFA642016FDEB0097145F /* StorageService.swift in Sources */ = {isa = PBXBuildFile; fileRef = BEDFFA632016FDEB0097145F /* StorageService.swift */; };
		BEE0E6D72026687C00273562 /* jsonLibrary.json in Resources */ = {isa = PBXBuildFile; fileRef = BEE0E6D62026687C00273562 /* jsonLibrary.json */; };
		FB2DCD82384F62C9FB5E59EB /* Pods_MusicX.framework in Frameworks */ = {isa = PBXBuildFile; fileRef = AD0DD3F64319D779269F6F34 /* Pods_MusicX.framework */; };
/* End PBXBuildFile section */

/* Begin PBXFileReference section */
		3F88B0522053BB7000083913 /* GIF.swift */ = {isa = PBXFileReference; lastKnownFileType = sourcecode.swift; path = GIF.swift; sourceTree = "<group>"; };
		3F88B0562053BD0600083913 /* Play-1.gif */ = {isa = PBXFileReference; lastKnownFileType = image.gif; name = "Play-1.gif"; path = "../../Play-1.gif"; sourceTree = "<group>"; };
		3F88B05A2053BE1D00083913 /* a.jpg */ = {isa = PBXFileReference; lastKnownFileType = image.jpeg; name = a.jpg; path = ../../a.jpg; sourceTree = "<group>"; };
		3F90894B2054AD25002D85AF /* PlayListVC.swift */ = {isa = PBXFileReference; lastKnownFileType = sourcecode.swift; path = PlayListVC.swift; sourceTree = "<group>"; };
		3FB6C349205471E000AF9577 /* mishary-rashid-alafasy-001-al-fatiha-30-7477.mp3 */ = {isa = PBXFileReference; lastKnownFileType = audio.mp3; name = "mishary-rashid-alafasy-001-al-fatiha-30-7477.mp3"; path = "../../mishary-rashid-alafasy-001-al-fatiha-30-7477.mp3"; sourceTree = "<group>"; };
		AD0DD3F64319D779269F6F34 /* Pods_MusicX.framework */ = {isa = PBXFileReference; explicitFileType = wrapper.framework; includeInIndex = 0; path = Pods_MusicX.framework; sourceTree = BUILT_PRODUCTS_DIR; };
		BB6002DA4634CC54A813BD0F /* Pods-MusicX.release.xcconfig */ = {isa = PBXFileReference; includeInIndex = 1; lastKnownFileType = text.xcconfig; name = "Pods-MusicX.release.xcconfig"; path = "Pods/Target Support Files/Pods-MusicX/Pods-MusicX.release.xcconfig"; sourceTree = "<group>"; };
		BE4A1607201C50200090ACDC /* MusicX-Bridging-Header.h */ = {isa = PBXFileReference; lastKnownFileType = sourcecode.c.h; path = "MusicX-Bridging-Header.h"; sourceTree = "<group>"; };
		BE73AC6C203896100063F944 /* DataManger.swift */ = {isa = PBXFileReference; lastKnownFileType = sourcecode.swift; path = DataManger.swift; sourceTree = "<group>"; };
		BE73AC702038C3620063F944 /* Slider.swift */ = {isa = PBXFileReference; lastKnownFileType = sourcecode.swift; path = Slider.swift; sourceTree = "<group>"; };
		BE7E90502039443D0026566F /* DrawWaveForm.swift */ = {isa = PBXFileReference; lastKnownFileType = sourcecode.swift; path = DrawWaveForm.swift; sourceTree = "<group>"; };
		BE7E9052203944F90026566F /* ReadFile.swift */ = {isa = PBXFileReference; lastKnownFileType = sourcecode.swift; path = ReadFile.swift; sourceTree = "<group>"; };
		BE9A8CD42041FD3600F24931 /* RealmData.swift */ = {isa = PBXFileReference; lastKnownFileType = sourcecode.swift; path = RealmData.swift; sourceTree = "<group>"; };
		BE9A8CD6204204EC00F24931 /* savedSongVC.swift */ = {isa = PBXFileReference; lastKnownFileType = sourcecode.swift; path = savedSongVC.swift; sourceTree = "<group>"; };
		BE9A8CD82042051800F24931 /* savedSongCell.swift */ = {isa = PBXFileReference; lastKnownFileType = sourcecode.swift; path = savedSongCell.swift; sourceTree = "<group>"; };
		BEA80ACF201C161F007CAB0D /* SongsCell.swift */ = {isa = PBXFileReference; lastKnownFileType = sourcecode.swift; path = SongsCell.swift; sourceTree = "<group>"; };
		BEA80AD1201C17AE007CAB0D /* MainVC.swift */ = {isa = PBXFileReference; lastKnownFileType = sourcecode.swift; path = MainVC.swift; sourceTree = "<group>"; };
		BEAA6B832026CE41008AF3B6 /* SongVC.swift */ = {isa = PBXFileReference; lastKnownFileType = sourcecode.swift; path = SongVC.swift; sourceTree = "<group>"; };
		BEDFFA472016F0950097145F /* MusicX.app */ = {isa = PBXFileReference; explicitFileType = wrapper.application; includeInIndex = 0; path = MusicX.app; sourceTree = BUILT_PRODUCTS_DIR; };
		BEDFFA4A2016F0950097145F /* AppDelegate.swift */ = {isa = PBXFileReference; lastKnownFileType = sourcecode.swift; path = AppDelegate.swift; sourceTree = "<group>"; };
		BEDFFA4C2016F0950097145F /* ViewController.swift */ = {isa = PBXFileReference; lastKnownFileType = sourcecode.swift; path = ViewController.swift; sourceTree = "<group>"; };
		BEDFFA4F2016F0950097145F /* Base */ = {isa = PBXFileReference; lastKnownFileType = file.storyboard; name = Base; path = Base.lproj/Main.storyboard; sourceTree = "<group>"; };
		BEDFFA512016F0950097145F /* Assets.xcassets */ = {isa = PBXFileReference; lastKnownFileType = folder.assetcatalog; path = Assets.xcassets; sourceTree = "<group>"; };
		BEDFFA542016F0950097145F /* Base */ = {isa = PBXFileReference; lastKnownFileType = file.storyboard; name = Base; path = Base.lproj/LaunchScreen.storyboard; sourceTree = "<group>"; };
		BEDFFA562016F0950097145F /* Info.plist */ = {isa = PBXFileReference; lastKnownFileType = text.plist.xml; path = Info.plist; sourceTree = "<group>"; };
		BEDFFA5C2016F1060097145F /* GoogleService-Info.plist */ = {isa = PBXFileReference; fileEncoding = 4; lastKnownFileType = text.plist.xml; path = "GoogleService-Info.plist"; sourceTree = "<group>"; };
		BEDFFA5E2016F3D60097145F /* DataService.swift */ = {isa = PBXFileReference; lastKnownFileType = sourcecode.swift; path = DataService.swift; sourceTree = "<group>"; };
		BEDFFA632016FDEB0097145F /* StorageService.swift */ = {isa = PBXFileReference; lastKnownFileType = sourcecode.swift; path = StorageService.swift; sourceTree = "<group>"; };
		BEE0E6D62026687C00273562 /* jsonLibrary.json */ = {isa = PBXFileReference; lastKnownFileType = text.json; path = jsonLibrary.json; sourceTree = "<group>"; };
		F13E314EFF62D6B5FA7CADD0 /* Pods-MusicX.debug.xcconfig */ = {isa = PBXFileReference; includeInIndex = 1; lastKnownFileType = text.xcconfig; name = "Pods-MusicX.debug.xcconfig"; path = "Pods/Target Support Files/Pods-MusicX/Pods-MusicX.debug.xcconfig"; sourceTree = "<group>"; };
/* End PBXFileReference section */

/* Begin PBXFrameworksBuildPhase section */
		BEDFFA442016F0950097145F /* Frameworks */ = {
			isa = PBXFrameworksBuildPhase;
			buildActionMask = 2147483647;
			files = (
				FB2DCD82384F62C9FB5E59EB /* Pods_MusicX.framework in Frameworks */,
			);
			runOnlyForDeploymentPostprocessing = 0;
		};
/* End PBXFrameworksBuildPhase section */

/* Begin PBXGroup section */
		B0A8363E1C6F54C6E60229F9 /* Frameworks */ = {
			isa = PBXGroup;
			children = (
				AD0DD3F64319D779269F6F34 /* Pods_MusicX.framework */,
			);
			name = Frameworks;
			sourceTree = "<group>";
		};
		BEA80ACE201C1521007CAB0D /* View */ = {
			isa = PBXGroup;
			children = (
				BEA80ACF201C161F007CAB0D /* SongsCell.swift */,
				BE73AC702038C3620063F944 /* Slider.swift */,
				BE9A8CD82042051800F24931 /* savedSongCell.swift */,
			);
			path = View;
			sourceTree = "<group>";
		};
		BEDFFA3E2016F0940097145F = {
			isa = PBXGroup;
			children = (
				BEDFFA492016F0950097145F /* MusicX */,
				BEDFFA482016F0950097145F /* Products */,
				E1431347635092CD12AC956E /* Pods */,
				B0A8363E1C6F54C6E60229F9 /* Frameworks */,
			);
			sourceTree = "<group>";
		};
		BEDFFA482016F0950097145F /* Products */ = {
			isa = PBXGroup;
			children = (
				BEDFFA472016F0950097145F /* MusicX.app */,
			);
			name = Products;
			sourceTree = "<group>";
		};
		BEDFFA492016F0950097145F /* MusicX */ = {
			isa = PBXGroup;
			children = (
				BEA80ACE201C1521007CAB0D /* View */,
				BEDFFA622016F8A30097145F /* Controller */,
				BEDFFA612016F88F0097145F /* Model */,
				BEDFFA602016F8800097145F /* Services */,
				BEDFFA4A2016F0950097145F /* AppDelegate.swift */,
				BEDFFA4E2016F0950097145F /* Main.storyboard */,
				BEDFFA512016F0950097145F /* Assets.xcassets */,
				3F88B05A2053BE1D00083913 /* a.jpg */,
				3FB6C349205471E000AF9577 /* mishary-rashid-alafasy-001-al-fatiha-30-7477.mp3 */,
				3F88B0562053BD0600083913 /* Play-1.gif */,
				BEDFFA532016F0950097145F /* LaunchScreen.storyboard */,
				BEDFFA562016F0950097145F /* Info.plist */,
				BEDFFA5C2016F1060097145F /* GoogleService-Info.plist */,
				BE4A1607201C50200090ACDC /* MusicX-Bridging-Header.h */,
				BE73AC6C203896100063F944 /* DataManger.swift */,
			);
			path = MusicX;
			sourceTree = "<group>";
		};
		BEDFFA602016F8800097145F /* Services */ = {
			isa = PBXGroup;
			children = (
				BEDFFA5E2016F3D60097145F /* DataService.swift */,
				BEDFFA632016FDEB0097145F /* StorageService.swift */,
			);
			path = Services;
			sourceTree = "<group>";
		};
		BEDFFA612016F88F0097145F /* Model */ = {
			isa = PBXGroup;
			children = (
				BEE0E6D62026687C00273562 /* jsonLibrary.json */,
				BE7E9052203944F90026566F /* ReadFile.swift */,
				BE9A8CD42041FD3600F24931 /* RealmData.swift */,
				3F88B0522053BB7000083913 /* GIF.swift */,
			);
			path = Model;
			sourceTree = "<group>";
		};
		BEDFFA622016F8A30097145F /* Controller */ = {
			isa = PBXGroup;
			children = (
				BEDFFA4C2016F0950097145F /* ViewController.swift */,
				BEA80AD1201C17AE007CAB0D /* MainVC.swift */,
				BEAA6B832026CE41008AF3B6 /* SongVC.swift */,
				BE7E90502039443D0026566F /* DrawWaveForm.swift */,
				BE9A8CD6204204EC00F24931 /* savedSongVC.swift */,
				3F90894B2054AD25002D85AF /* PlayListVC.swift */,
			);
			path = Controller;
			sourceTree = "<group>";
		};
		E1431347635092CD12AC956E /* Pods */ = {
			isa = PBXGroup;
			children = (
				F13E314EFF62D6B5FA7CADD0 /* Pods-MusicX.debug.xcconfig */,
				BB6002DA4634CC54A813BD0F /* Pods-MusicX.release.xcconfig */,
			);
			name = Pods;
			sourceTree = "<group>";
		};
/* End PBXGroup section */

/* Begin PBXNativeTarget section */
		BEDFFA462016F0950097145F /* MusicX */ = {
			isa = PBXNativeTarget;
			buildConfigurationList = BEDFFA592016F0950097145F /* Build configuration list for PBXNativeTarget "MusicX" */;
			buildPhases = (
				ABDBE8368649F3157590B2C7 /* [CP] Check Pods Manifest.lock */,
				BEDFFA432016F0950097145F /* Sources */,
				BEDFFA442016F0950097145F /* Frameworks */,
				BEDFFA452016F0950097145F /* Resources */,
				143295FA92E30FCFB81312AB /* [CP] Embed Pods Frameworks */,
				89F52BD41D1D66EF5C082FC9 /* [CP] Copy Pods Resources */,
			);
			buildRules = (
			);
			dependencies = (
			);
			name = MusicX;
			productName = MusicX;
			productReference = BEDFFA472016F0950097145F /* MusicX.app */;
			productType = "com.apple.product-type.application";
		};
/* End PBXNativeTarget section */

/* Begin PBXProject section */
		BEDFFA3F2016F0940097145F /* Project object */ = {
			isa = PBXProject;
			attributes = {
				LastSwiftUpdateCheck = 0920;
				LastUpgradeCheck = 0920;
				ORGANIZATIONNAME = "Nayef Alotaibi";
				TargetAttributes = {
					BEDFFA462016F0950097145F = {
						CreatedOnToolsVersion = 9.2;
						LastSwiftMigration = 0920;
						ProvisioningStyle = Automatic;
					};
				};
			};
			buildConfigurationList = BEDFFA422016F0940097145F /* Build configuration list for PBXProject "MusicX" */;
			compatibilityVersion = "Xcode 8.0";
			developmentRegion = en;
			hasScannedForEncodings = 0;
			knownRegions = (
				en,
				Base,
			);
			mainGroup = BEDFFA3E2016F0940097145F;
			productRefGroup = BEDFFA482016F0950097145F /* Products */;
			projectDirPath = "";
			projectRoot = "";
			targets = (
				BEDFFA462016F0950097145F /* MusicX */,
			);
		};
/* End PBXProject section */

/* Begin PBXResourcesBuildPhase section */
		BEDFFA452016F0950097145F /* Resources */ = {
			isa = PBXResourcesBuildPhase;
			buildActionMask = 2147483647;
			files = (
				BEDFFA552016F0950097145F /* LaunchScreen.storyboard in Resources */,
				3FB6C34A205471E100AF9577 /* mishary-rashid-alafasy-001-al-fatiha-30-7477.mp3 in Resources */,
				BEDFFA522016F0950097145F /* Assets.xcassets in Resources */,
				BEDFFA5D2016F1060097145F /* GoogleService-Info.plist in Resources */,
				3F88B05B2053BE1E00083913 /* a.jpg in Resources */,
				BEDFFA502016F0950097145F /* Main.storyboard in Resources */,
				3F88B0572053BD0700083913 /* Play-1.gif in Resources */,
				BEE0E6D72026687C00273562 /* jsonLibrary.json in Resources */,
			);
			runOnlyForDeploymentPostprocessing = 0;
		};
/* End PBXResourcesBuildPhase section */

/* Begin PBXShellScriptBuildPhase section */
		143295FA92E30FCFB81312AB /* [CP] Embed Pods Frameworks */ = {
			isa = PBXShellScriptBuildPhase;
			buildActionMask = 2147483647;
			files = (
			);
			inputPaths = (
				"${SRCROOT}/Pods/Target Support Files/Pods-MusicX/Pods-MusicX-frameworks.sh",
				"${BUILT_PRODUCTS_DIR}/Realm/Realm.framework",
				"${BUILT_PRODUCTS_DIR}/RealmSwift/RealmSwift.framework",
				"${BUILT_PRODUCTS_DIR}/SDWebImage/SDWebImage.framework",
				"${BUILT_PRODUCTS_DIR}/SwiftyJSON/SwiftyJSON.framework",
				"${BUILT_PRODUCTS_DIR}/libwebp/libwebp.framework",
			);
			name = "[CP] Embed Pods Frameworks";
			outputPaths = (
				"${TARGET_BUILD_DIR}/${FRAMEWORKS_FOLDER_PATH}/Realm.framework",
				"${TARGET_BUILD_DIR}/${FRAMEWORKS_FOLDER_PATH}/RealmSwift.framework",
				"${TARGET_BUILD_DIR}/${FRAMEWORKS_FOLDER_PATH}/SDWebImage.framework",
				"${TARGET_BUILD_DIR}/${FRAMEWORKS_FOLDER_PATH}/SwiftyJSON.framework",
				"${TARGET_BUILD_DIR}/${FRAMEWORKS_FOLDER_PATH}/libwebp.framework",
			);
			runOnlyForDeploymentPostprocessing = 0;
			shellPath = /bin/sh;
			shellScript = "\"${SRCROOT}/Pods/Target Support Files/Pods-MusicX/Pods-MusicX-frameworks.sh\"\n";
			showEnvVarsInLog = 0;
		};
		89F52BD41D1D66EF5C082FC9 /* [CP] Copy Pods Resources */ = {
			isa = PBXShellScriptBuildPhase;
			buildActionMask = 8;
			files = (
			);
			inputPaths = (
			);
			name = "[CP] Copy Pods Resources";
			outputPaths = (
			);
			runOnlyForDeploymentPostprocessing = 1;
			shellPath = /bin/sh;
			shellScript = "\"${SRCROOT}/Pods/Target Support Files/Pods-MusicX/Pods-MusicX-resources.sh\"\n";
			showEnvVarsInLog = 0;
		};
		ABDBE8368649F3157590B2C7 /* [CP] Check Pods Manifest.lock */ = {
			isa = PBXShellScriptBuildPhase;
			buildActionMask = 2147483647;
			files = (
			);
			inputPaths = (
				"${PODS_PODFILE_DIR_PATH}/Podfile.lock",
				"${PODS_ROOT}/Manifest.lock",
			);
			name = "[CP] Check Pods Manifest.lock";
			outputPaths = (
				"$(DERIVED_FILE_DIR)/Pods-MusicX-checkManifestLockResult.txt",
			);
			runOnlyForDeploymentPostprocessing = 0;
			shellPath = /bin/sh;
			shellScript = "diff \"${PODS_PODFILE_DIR_PATH}/Podfile.lock\" \"${PODS_ROOT}/Manifest.lock\" > /dev/null\nif [ $? != 0 ] ; then\n    # print error to STDERR\n    echo \"error: The sandbox is not in sync with the Podfile.lock. Run 'pod install' or update your CocoaPods installation.\" >&2\n    exit 1\nfi\n# This output is used by Xcode 'outputs' to avoid re-running this script phase.\necho \"SUCCESS\" > \"${SCRIPT_OUTPUT_FILE_0}\"\n";
			showEnvVarsInLog = 0;
		};
/* End PBXShellScriptBuildPhase section */

/* Begin PBXSourcesBuildPhase section */
		BEDFFA432016F0950097145F /* Sources */ = {
			isa = PBXSourcesBuildPhase;
			buildActionMask = 2147483647;
			files = (
				3F88B0532053BB7000083913 /* GIF.swift in Sources */,
				BE7E90512039443D0026566F /* DrawWaveForm.swift in Sources */,
				BE9A8CD52041FD3600F24931 /* RealmData.swift in Sources */,
				BE9A8CD92042051800F24931 /* savedSongCell.swift in Sources */,
				BEDFFA5F2016F3D60097145F /* DataService.swift in Sources */,
				BEA80AD2201C17AE007CAB0D /* MainVC.swift in Sources */,
				3F90894C2054AD25002D85AF /* PlayListVC.swift in Sources */,
				BEA80AD0201C161F007CAB0D /* SongsCell.swift in Sources */,
				BEDFFA642016FDEB0097145F /* StorageService.swift in Sources */,
				BE9A8CD7204204EC00F24931 /* savedSongVC.swift in Sources */,
				BE7E9053203944F90026566F /* ReadFile.swift in Sources */,
				BE73AC712038C3620063F944 /* Slider.swift in Sources */,
				BEDFFA4D2016F0950097145F /* ViewController.swift in Sources */,
				BEAA6B842026CE41008AF3B6 /* SongVC.swift in Sources */,
				BEDFFA4B2016F0950097145F /* AppDelegate.swift in Sources */,
				BE73AC6D203896100063F944 /* DataManger.swift in Sources */,
			);
			runOnlyForDeploymentPostprocessing = 0;
		};
/* End PBXSourcesBuildPhase section */

/* Begin PBXVariantGroup section */
		BEDFFA4E2016F0950097145F /* Main.storyboard */ = {
			isa = PBXVariantGroup;
			children = (
				BEDFFA4F2016F0950097145F /* Base */,
			);
			name = Main.storyboard;
			sourceTree = "<group>";
		};
		BEDFFA532016F0950097145F /* LaunchScreen.storyboard */ = {
			isa = PBXVariantGroup;
			children = (
				BEDFFA542016F0950097145F /* Base */,
			);
			name = LaunchScreen.storyboard;
			sourceTree = "<group>";
		};
/* End PBXVariantGroup section */

/* Begin XCBuildConfiguration section */
		BEDFFA572016F0950097145F /* Debug */ = {
			isa = XCBuildConfiguration;
			buildSettings = {
				ALWAYS_SEARCH_USER_PATHS = NO;
				CLANG_ANALYZER_NONNULL = YES;
				CLANG_ANALYZER_NUMBER_OBJECT_CONVERSION = YES_AGGRESSIVE;
				CLANG_CXX_LANGUAGE_STANDARD = "gnu++14";
				CLANG_CXX_LIBRARY = "libc++";
				CLANG_ENABLE_MODULES = YES;
				CLANG_ENABLE_OBJC_ARC = YES;
				CLANG_WARN_BLOCK_CAPTURE_AUTORELEASING = YES;
				CLANG_WARN_BOOL_CONVERSION = YES;
				CLANG_WARN_COMMA = YES;
				CLANG_WARN_CONSTANT_CONVERSION = YES;
				CLANG_WARN_DIRECT_OBJC_ISA_USAGE = YES_ERROR;
				CLANG_WARN_DOCUMENTATION_COMMENTS = YES;
				CLANG_WARN_EMPTY_BODY = YES;
				CLANG_WARN_ENUM_CONVERSION = YES;
				CLANG_WARN_INFINITE_RECURSION = YES;
				CLANG_WARN_INT_CONVERSION = YES;
				CLANG_WARN_NON_LITERAL_NULL_CONVERSION = YES;
				CLANG_WARN_OBJC_LITERAL_CONVERSION = YES;
				CLANG_WARN_OBJC_ROOT_CLASS = YES_ERROR;
				CLANG_WARN_RANGE_LOOP_ANALYSIS = YES;
				CLANG_WARN_STRICT_PROTOTYPES = YES;
				CLANG_WARN_SUSPICIOUS_MOVE = YES;
				CLANG_WARN_UNGUARDED_AVAILABILITY = YES_AGGRESSIVE;
				CLANG_WARN_UNREACHABLE_CODE = YES;
				CLANG_WARN__DUPLICATE_METHOD_MATCH = YES;
				CODE_SIGN_IDENTITY = "iPhone Developer";
				COPY_PHASE_STRIP = NO;
				DEBUG_INFORMATION_FORMAT = dwarf;
				ENABLE_STRICT_OBJC_MSGSEND = YES;
				ENABLE_TESTABILITY = YES;
				GCC_C_LANGUAGE_STANDARD = gnu11;
				GCC_DYNAMIC_NO_PIC = NO;
				GCC_NO_COMMON_BLOCKS = YES;
				GCC_OPTIMIZATION_LEVEL = 0;
				GCC_PREPROCESSOR_DEFINITIONS = (
					"DEBUG=1",
					"$(inherited)",
				);
				GCC_WARN_64_TO_32_BIT_CONVERSION = YES;
				GCC_WARN_ABOUT_RETURN_TYPE = YES_ERROR;
				GCC_WARN_UNDECLARED_SELECTOR = YES;
				GCC_WARN_UNINITIALIZED_AUTOS = YES_AGGRESSIVE;
				GCC_WARN_UNUSED_FUNCTION = YES;
				GCC_WARN_UNUSED_VARIABLE = YES;
				IPHONEOS_DEPLOYMENT_TARGET = 11.2;
				MTL_ENABLE_DEBUG_INFO = YES;
				ONLY_ACTIVE_ARCH = YES;
				SDKROOT = iphoneos;
				SWIFT_ACTIVE_COMPILATION_CONDITIONS = DEBUG;
				SWIFT_OPTIMIZATION_LEVEL = "-Onone";
			};
			name = Debug;
		};
		BEDFFA582016F0950097145F /* Release */ = {
			isa = XCBuildConfiguration;
			buildSettings = {
				ALWAYS_SEARCH_USER_PATHS = NO;
				CLANG_ANALYZER_NONNULL = YES;
				CLANG_ANALYZER_NUMBER_OBJECT_CONVERSION = YES_AGGRESSIVE;
				CLANG_CXX_LANGUAGE_STANDARD = "gnu++14";
				CLANG_CXX_LIBRARY = "libc++";
				CLANG_ENABLE_MODULES = YES;
				CLANG_ENABLE_OBJC_ARC = YES;
				CLANG_WARN_BLOCK_CAPTURE_AUTORELEASING = YES;
				CLANG_WARN_BOOL_CONVERSION = YES;
				CLANG_WARN_COMMA = YES;
				CLANG_WARN_CONSTANT_CONVERSION = YES;
				CLANG_WARN_DIRECT_OBJC_ISA_USAGE = YES_ERROR;
				CLANG_WARN_DOCUMENTATION_COMMENTS = YES;
				CLANG_WARN_EMPTY_BODY = YES;
				CLANG_WARN_ENUM_CONVERSION = YES;
				CLANG_WARN_INFINITE_RECURSION = YES;
				CLANG_WARN_INT_CONVERSION = YES;
				CLANG_WARN_NON_LITERAL_NULL_CONVERSION = YES;
				CLANG_WARN_OBJC_LITERAL_CONVERSION = YES;
				CLANG_WARN_OBJC_ROOT_CLASS = YES_ERROR;
				CLANG_WARN_RANGE_LOOP_ANALYSIS = YES;
				CLANG_WARN_STRICT_PROTOTYPES = YES;
				CLANG_WARN_SUSPICIOUS_MOVE = YES;
				CLANG_WARN_UNGUARDED_AVAILABILITY = YES_AGGRESSIVE;
				CLANG_WARN_UNREACHABLE_CODE = YES;
				CLANG_WARN__DUPLICATE_METHOD_MATCH = YES;
				CODE_SIGN_IDENTITY = "iPhone Developer";
				COPY_PHASE_STRIP = NO;
				DEBUG_INFORMATION_FORMAT = "dwarf-with-dsym";
				ENABLE_NS_ASSERTIONS = NO;
				ENABLE_STRICT_OBJC_MSGSEND = YES;
				GCC_C_LANGUAGE_STANDARD = gnu11;
				GCC_NO_COMMON_BLOCKS = YES;
				GCC_WARN_64_TO_32_BIT_CONVERSION = YES;
				GCC_WARN_ABOUT_RETURN_TYPE = YES_ERROR;
				GCC_WARN_UNDECLARED_SELECTOR = YES;
				GCC_WARN_UNINITIALIZED_AUTOS = YES_AGGRESSIVE;
				GCC_WARN_UNUSED_FUNCTION = YES;
				GCC_WARN_UNUSED_VARIABLE = YES;
				IPHONEOS_DEPLOYMENT_TARGET = 11.2;
				MTL_ENABLE_DEBUG_INFO = NO;
				SDKROOT = iphoneos;
				SWIFT_OPTIMIZATION_LEVEL = "-Owholemodule";
				VALIDATE_PRODUCT = YES;
			};
			name = Release;
		};
		BEDFFA5A2016F0950097145F /* Debug */ = {
			isa = XCBuildConfiguration;
			baseConfigurationReference = F13E314EFF62D6B5FA7CADD0 /* Pods-MusicX.debug.xcconfig */;
			buildSettings = {
				ASSETCATALOG_COMPILER_APPICON_NAME = AppIcon;
				CLANG_ENABLE_MODULES = YES;
				CODE_SIGN_STYLE = Automatic;
				DEVELOPMENT_TEAM = 8G9TEZDPEH;
				INFOPLIST_FILE = MusicX/Info.plist;
				LD_RUNPATH_SEARCH_PATHS = "$(inherited) @executable_path/Frameworks";
				PRODUCT_BUNDLE_IDENTIFIER = Dev.MusicX;
				PRODUCT_NAME = "$(TARGET_NAME)";
				SWIFT_OBJC_BRIDGING_HEADER = "MusicX/MusicX-Bridging-Header.h";
				SWIFT_OPTIMIZATION_LEVEL = "-Onone";
				SWIFT_VERSION = 4.0;
				TARGETED_DEVICE_FAMILY = "1,2";
			};
			name = Debug;
		};
		BEDFFA5B2016F0950097145F /* Release */ = {
			isa = XCBuildConfiguration;
			baseConfigurationReference = BB6002DA4634CC54A813BD0F /* Pods-MusicX.release.xcconfig */;
			buildSettings = {
				ASSETCATALOG_COMPILER_APPICON_NAME = AppIcon;
				CLANG_ENABLE_MODULES = YES;
				CODE_SIGN_STYLE = Automatic;
				DEVELOPMENT_TEAM = 8G9TEZDPEH;
				INFOPLIST_FILE = MusicX/Info.plist;
				LD_RUNPATH_SEARCH_PATHS = "$(inherited) @executable_path/Frameworks";
				PRODUCT_BUNDLE_IDENTIFIER = Dev.MusicX;
				PRODUCT_NAME = "$(TARGET_NAME)";
				SWIFT_OBJC_BRIDGING_HEADER = "MusicX/MusicX-Bridging-Header.h";
				SWIFT_VERSION = 4.0;
				TARGETED_DEVICE_FAMILY = "1,2";
			};
			name = Release;
		};
/* End XCBuildConfiguration section */

/* Begin XCConfigurationList section */
		BEDFFA422016F0940097145F /* Build configuration list for PBXProject "MusicX" */ = {
			isa = XCConfigurationList;
			buildConfigurations = (
				BEDFFA572016F0950097145F /* Debug */,
				BEDFFA582016F0950097145F /* Release */,
			);
			defaultConfigurationIsVisible = 0;
			defaultConfigurationName = Release;
		};
		BEDFFA592016F0950097145F /* Build configuration list for PBXNativeTarget "MusicX" */ = {
			isa = XCConfigurationList;
			buildConfigurations = (
				BEDFFA5A2016F0950097145F /* Debug */,
				BEDFFA5B2016F0950097145F /* Release */,
			);
			defaultConfigurationIsVisible = 0;
			defaultConfigurationName = Release;
		};
/* End XCConfigurationList section */
	};
	rootObject = BEDFFA3F2016F0940097145F /* Project object */;
}
